
Microsoft Visual Studio Solution File, Format Version 12.00
# Visual Studio Version 17
VisualStudioVersion = 17.0.31903.59
MinimumVisualStudioVersion = 10.0.40219.1
Project("{FAE04EC0-301F-11D3-BF4B-00C04F79EFBC}") = "MdnsListener", "MdnsListener.csproj", "{91875CF6-7954-4CD1-B7C9-67AB7F1CA067}"
EndProject
Project("{FAE04EC0-301F-11D3-BF4B-00C04F79EFBC}") = "MdnsListener.Tests", "MdnsListener.Tests\MdnsListener.Tests.csproj", "{6014D666-5B01-4ACD-99F8-3FB59D51A7D5}"
EndProject
Global
	GlobalSection(SolutionConfigurationPlatforms) = preSolution
		Debug|Any CPU = Debug|Any CPU
		Debug|x64 = Debug|x64
		Debug|x86 = Debug|x86
		Release|Any CPU = Release|Any CPU
		Release|x64 = Release|x64
		Release|x86 = Release|x86
	EndGlobalSection
	GlobalSection(ProjectConfigurationPlatforms) = postSolution
		{91875CF6-7954-4CD1-B7C9-67AB7F1CA067}.Debug|Any CPU.ActiveCfg = Debug|Any CPU
		{91875CF6-7954-4CD1-B7C9-67AB7F1CA067}.Debug|Any CPU.Build.0 = Debug|Any CPU
		{91875CF6-7954-4CD1-B7C9-67AB7F1CA067}.Debug|x64.ActiveCfg = Debug|Any CPU
		{91875CF6-7954-4CD1-B7C9-67AB7F1CA067}.Debug|x64.Build.0 = Debug|Any CPU
		{91875CF6-7954-4CD1-B7C9-67AB7F1CA067}.Debug|x86.ActiveCfg = Debug|Any CPU
		{91875CF6-7954-4CD1-B7C9-67AB7F1CA067}.Debug|x86.Build.0 = Debug|Any CPU
		{91875CF6-7954-4CD1-B7C9-67AB7F1CA067}.Release|Any CPU.ActiveCfg = Release|Any CPU
		{91875CF6-7954-4CD1-B7C9-67AB7F1CA067}.Release|Any CPU.Build.0 = Release|Any CPU
		{91875CF6-7954-4CD1-B7C9-67AB7F1CA067}.Release|x64.ActiveCfg = Release|Any CPU
		{91875CF6-7954-4CD1-B7C9-67AB7F1CA067}.Release|x64.Build.0 = Release|Any CPU
		{91875CF6-7954-4CD1-B7C9-67AB7F1CA067}.Release|x86.ActiveCfg = Release|Any CPU
		{91875CF6-7954-4CD1-B7C9-67AB7F1CA067}.Release|x86.Build.0 = Release|Any CPU
		{6014D666-5B01-4ACD-99F8-3FB59D51A7D5}.Debug|Any CPU.ActiveCfg = Debug|Any CPU
		{6014D666-5B01-4ACD-99F8-3FB59D51A7D5}.Debug|Any CPU.Build.0 = Debug|Any CPU
		{6014D666-5B01-4ACD-99F8-3FB59D51A7D5}.Debug|x64.ActiveCfg = Debug|Any CPU
		{6014D666-5B01-4ACD-99F8-3FB59D51A7D5}.Debug|x64.Build.0 = Debug|Any CPU
		{6014D666-5B01-4ACD-99F8-3FB59D51A7D5}.Debug|x86.ActiveCfg = Debug|Any CPU
		{6014D666-5B01-4ACD-99F8-3FB59D51A7D5}.Debug|x86.Build.0 = Debug|Any CPU
		{6014D666-5B01-4ACD-99F8-3FB59D51A7D5}.Release|Any CPU.ActiveCfg = Release|Any CPU
		{6014D666-5B01-4ACD-99F8-3FB59D51A7D5}.Release|Any CPU.Build.0 = Release|Any CPU
		{6014D666-5B01-4ACD-99F8-3FB59D51A7D5}.Release|x64.ActiveCfg = Release|Any CPU
		{6014D666-5B01-4ACD-99F8-3FB59D51A7D5}.Release|x64.Build.0 = Release|Any CPU
		{6014D666-5B01-4ACD-99F8-3FB59D51A7D5}.Release|x86.ActiveCfg = Release|Any CPU
		{6014D666-5B01-4ACD-99F8-3FB59D51A7D5}.Release|x86.Build.0 = Release|Any CPU
	EndGlobalSection
	GlobalSection(SolutionProperties) = preSolution
		HideSolutionNode = FALSE
	EndGlobalSection
EndGlobal
